
Microsoft Visual Studio Solution File, Format Version 12.00
# Visual Studio Version 16
VisualStudioVersion = 16.0.31702.278
MinimumVisualStudioVersion = 10.0.40219.1
Project("{FAE04EC0-301F-11D3-BF4B-00C04F79EFBC}") = "Slesar", "Slesar\Slesar.csproj", "{3E0BBD58-39ED-4BE5-BCA5-C49D997AD6FE}"
EndProject
Global
	GlobalSection(SolutionConfigurationPlatforms) = preSolution
		Debug|Any CPU = Debug|Any CPU
		Release|Any CPU = Release|Any CPU
	EndGlobalSection
	GlobalSection(ProjectConfigurationPlatforms) = postSolution
		{3E0BBD58-39ED-4BE5-BCA5-C49D997AD6FE}.Debug|Any CPU.ActiveCfg = Debug|Any CPU
		{3E0BBD58-39ED-4BE5-BCA5-C49D997AD6FE}.Debug|Any CPU.Build.0 = Debug|Any CPU
		{3E0BBD58-39ED-4BE5-BCA5-C49D997AD6FE}.Release|Any CPU.ActiveCfg = Release|Any CPU
		{3E0BBD58-39ED-4BE5-BCA5-C49D997AD6FE}.Release|Any CPU.Build.0 = Release|Any CPU
	EndGlobalSection
	GlobalSection(SolutionProperties) = preSolution
		HideSolutionNode = FALSE
	EndGlobalSection
	GlobalSection(ExtensibilityGlobals) = postSolution
		SolutionGuid = {97E0C22C-A6E4-43CB-826D-2EDA131E91B9}
	EndGlobalSection
EndGlobal
