
Microsoft Visual Studio Solution File, Format Version 12.00
# Visual Studio Version 16
VisualStudioVersion = 16.0.31702.278
MinimumVisualStudioVersion = 10.0.40219.1
Project("{FAE04EC0-301F-11D3-BF4B-00C04F79EFBC}") = "likerovodochniy", "likerovodochniy\likerovodochniy.csproj", "{37DA612F-3999-4EAA-8EF9-F7C641115B79}"
EndProject
Global
	GlobalSection(SolutionConfigurationPlatforms) = preSolution
		Debug|Any CPU = Debug|Any CPU
		Release|Any CPU = Release|Any CPU
	EndGlobalSection
	GlobalSection(ProjectConfigurationPlatforms) = postSolution
		{37DA612F-3999-4EAA-8EF9-F7C641115B79}.Debug|Any CPU.ActiveCfg = Debug|Any CPU
		{37DA612F-3999-4EAA-8EF9-F7C641115B79}.Debug|Any CPU.Build.0 = Debug|Any CPU
		{37DA612F-3999-4EAA-8EF9-F7C641115B79}.Release|Any CPU.ActiveCfg = Release|Any CPU
		{37DA612F-3999-4EAA-8EF9-F7C641115B79}.Release|Any CPU.Build.0 = Release|Any CPU
	EndGlobalSection
	GlobalSection(SolutionProperties) = preSolution
		HideSolutionNode = FALSE
	EndGlobalSection
	GlobalSection(ExtensibilityGlobals) = postSolution
		SolutionGuid = {F4E711F1-62CC-452F-B0E7-B503502A92AC}
	EndGlobalSection
EndGlobal
