
Microsoft Visual Studio Solution File, Format Version 12.00
# Visual Studio Version 16
VisualStudioVersion = 16.0.31702.278
MinimumVisualStudioVersion = 10.0.40219.1
Project("{FAE04EC0-301F-11D3-BF4B-00C04F79EFBC}") = "vodka", "vodka\vodka.csproj", "{5244377F-C9D5-4D2C-BF4D-E20438FEB48D}"
EndProject
Global
	GlobalSection(SolutionConfigurationPlatforms) = preSolution
		Debug|Any CPU = Debug|Any CPU
		Release|Any CPU = Release|Any CPU
	EndGlobalSection
	GlobalSection(ProjectConfigurationPlatforms) = postSolution
		{5244377F-C9D5-4D2C-BF4D-E20438FEB48D}.Debug|Any CPU.ActiveCfg = Debug|Any CPU
		{5244377F-C9D5-4D2C-BF4D-E20438FEB48D}.Debug|Any CPU.Build.0 = Debug|Any CPU
		{5244377F-C9D5-4D2C-BF4D-E20438FEB48D}.Release|Any CPU.ActiveCfg = Release|Any CPU
		{5244377F-C9D5-4D2C-BF4D-E20438FEB48D}.Release|Any CPU.Build.0 = Release|Any CPU
	EndGlobalSection
	GlobalSection(SolutionProperties) = preSolution
		HideSolutionNode = FALSE
	EndGlobalSection
	GlobalSection(ExtensibilityGlobals) = postSolution
		SolutionGuid = {757785AA-7CCE-43FD-9991-2C64098EEDB4}
	EndGlobalSection
EndGlobal
